{
  "name": "graphql-eventbus",
  "version": "0.0.36-alpha.0",
  "lockfileVersion": 2,
  "requires": true,
  "packages": {
    "": {
      "name": "graphql-eventbus",
      "version": "0.0.34",
      "license": "MIT",
      "dependencies": {
        "@graphql-inspector/core": "^2.2.0",
        "@graphql-tools/schema": "^7.1.5",
        "module-alias": "^2.2.2",
        "ts-is-present": "^1.2.2",
        "uuid": "^8.3.2"
      },
      "devDependencies": {
        "@graphql-tools/mock": "^8.4.3",
        "@types/uuid": "^8.3.0",
        "graphql-scalars": "^1.13.6"
      },
      "engines": {
        "node": ">= 14 <17"
      }
    },
    "node_modules/@ardatan/aggregate-error": {
      "version": "0.0.6",
      "resolved": "https://registry.npmjs.org/@ardatan/aggregate-error/-/aggregate-error-0.0.6.tgz",
      "integrity": "sha512-vyrkEHG1jrukmzTPtyWB4NLPauUw5bQeg4uhn8f+1SSynmrOcyvlb1GKQjjgoBzElLdfXCRYX8UnBlhklOHYRQ==",
      "dependencies": {
        "tslib": "~2.0.1"
      },
      "engines": {
        "node": ">=8"
      }
    },
    "node_modules/@ardatan/aggregate-error/node_modules/tslib": {
      "version": "2.0.3",
      "resolved": "https://registry.npmjs.org/tslib/-/tslib-2.0.3.tgz",
      "integrity": "sha512-uZtkfKblCEQtZKBF6EBXVZeQNl82yqtDQdv+eck8u7tdPxjLu2/lp5/uPW+um2tpuxINHWy3GhiccY7QgEaVHQ=="
    },
    "node_modules/@graphql-inspector/core": {
      "version": "2.9.0",
      "resolved": "https://registry.npmjs.org/@graphql-inspector/core/-/core-2.9.0.tgz",
      "integrity": "sha512-smaYO7B4phd3Su/JXtku5OT6dG51vpChBJXxK7ou+sghKOPx8yZNiuGqJKapaDiYviLjT8VdUu485KrCa0ZCDQ==",
      "dependencies": {
        "dependency-graph": "0.11.0",
        "object-inspect": "1.10.3",
        "tslib": "^2.0.0"
      },
      "peerDependencies": {
        "graphql": "^0.13.0 || ^14.0.0 || ^15.0.0"
      }
    },
    "node_modules/@graphql-tools/merge": {
      "version": "8.2.1",
      "resolved": "https://registry.npmjs.org/@graphql-tools/merge/-/merge-8.2.1.tgz",
      "integrity": "sha512-Q240kcUszhXiAYudjuJgNuLgy9CryDP3wp83NOZQezfA6h3ByYKU7xI6DiKrdjyVaGpYN3ppUmdj0uf5GaXzMA==",
      "dev": true,
      "dependencies": {
        "@graphql-tools/utils": "^8.5.1",
        "tslib": "~2.3.0"
      },
      "peerDependencies": {
        "graphql": "^14.0.0 || ^15.0.0 || ^16.0.0"
      }
    },
    "node_modules/@graphql-tools/mock": {
      "version": "8.5.1",
      "resolved": "https://registry.npmjs.org/@graphql-tools/mock/-/mock-8.5.1.tgz",
      "integrity": "sha512-cwwqGs9Rofev1JdMheAseqM/rw1uw4CYb35vv3Kcv2bbyiPF+490xdlHqFeIazceotMFxC60LlQztwb64rsEnw==",
      "dev": true,
      "dependencies": {
        "@graphql-tools/schema": "^8.3.1",
        "@graphql-tools/utils": "^8.6.0",
        "fast-json-stable-stringify": "^2.1.0",
        "tslib": "~2.3.0"
      },
      "peerDependencies": {
        "graphql": "^14.0.0 || ^15.0.0 || ^16.0.0"
      }
    },
    "node_modules/@graphql-tools/mock/node_modules/@graphql-tools/schema": {
      "version": "8.3.1",
      "resolved": "https://registry.npmjs.org/@graphql-tools/schema/-/schema-8.3.1.tgz",
      "integrity": "sha512-3R0AJFe715p4GwF067G5i0KCr/XIdvSfDLvTLEiTDQ8V/hwbOHEKHKWlEBHGRQwkG5lwFQlW1aOn7VnlPERnWQ==",
      "dev": true,
      "dependencies": {
        "@graphql-tools/merge": "^8.2.1",
        "@graphql-tools/utils": "^8.5.1",
        "tslib": "~2.3.0",
        "value-or-promise": "1.0.11"
      },
      "peerDependencies": {
        "graphql": "^14.0.0 || ^15.0.0 || ^16.0.0"
      }
    },
    "node_modules/@graphql-tools/mock/node_modules/value-or-promise": {
      "version": "1.0.11",
      "resolved": "https://registry.npmjs.org/value-or-promise/-/value-or-promise-1.0.11.tgz",
      "integrity": "sha512-41BrgH+dIbCFXClcSapVs5M6GkENd3gQOJpEfPDNa71LsUGMXDL0jMWpI/Rh7WhX+Aalfz2TTS3Zt5pUsbnhLg==",
      "dev": true,
      "engines": {
        "node": ">=12"
      }
    },
    "node_modules/@graphql-tools/schema": {
      "version": "7.1.5",
      "resolved": "https://registry.npmjs.org/@graphql-tools/schema/-/schema-7.1.5.tgz",
      "integrity": "sha512-uyn3HSNSckf4mvQSq0Q07CPaVZMNFCYEVxroApOaw802m9DcZPgf9XVPy/gda5GWj9AhbijfRYVTZQgHnJ4CXA==",
      "dependencies": {
        "@graphql-tools/utils": "^7.1.2",
        "tslib": "~2.2.0",
        "value-or-promise": "1.0.6"
      },
      "peerDependencies": {
        "graphql": "^14.0.0 || ^15.0.0"
      }
    },
    "node_modules/@graphql-tools/schema/node_modules/@graphql-tools/utils": {
      "version": "7.10.0",
      "resolved": "https://registry.npmjs.org/@graphql-tools/utils/-/utils-7.10.0.tgz",
      "integrity": "sha512-d334r6bo9mxdSqZW6zWboEnnOOFRrAPVQJ7LkU8/6grglrbcu6WhwCLzHb90E94JI3TD3ricC3YGbUqIi9Xg0w==",
      "dependencies": {
        "@ardatan/aggregate-error": "0.0.6",
        "camel-case": "4.1.2",
        "tslib": "~2.2.0"
      },
      "peerDependencies": {
        "graphql": "^14.0.0 || ^15.0.0"
      }
    },
    "node_modules/@graphql-tools/schema/node_modules/tslib": {
      "version": "2.2.0",
      "resolved": "https://registry.npmjs.org/tslib/-/tslib-2.2.0.tgz",
      "integrity": "sha512-gS9GVHRU+RGn5KQM2rllAlR3dU6m7AcpJKdtH8gFvQiC4Otgk98XnmMU+nZenHt/+VhnBPWwgrJsyrdcw6i23w=="
    },
    "node_modules/@graphql-tools/utils": {
      "version": "8.6.1",
      "resolved": "https://registry.npmjs.org/@graphql-tools/utils/-/utils-8.6.1.tgz",
      "integrity": "sha512-uxcfHCocp4ENoIiovPxUWZEHOnbXqj3ekWc0rm7fUhW93a1xheARNHcNKhwMTR+UKXVJbTFQdGI1Rl5XdyvDBg==",
      "dev": true,
      "dependencies": {
        "tslib": "~2.3.0"
      },
      "peerDependencies": {
        "graphql": "^14.0.0 || ^15.0.0 || ^16.0.0"
      }
    },
    "node_modules/@types/uuid": {
      "version": "8.3.4",
      "resolved": "https://registry.npmjs.org/@types/uuid/-/uuid-8.3.4.tgz",
      "integrity": "sha512-c/I8ZRb51j+pYGAu5CrFMRxqZ2ke4y2grEBO5AUjgSkSk+qT2Ea+OdWElz/OiMf5MNpn2b17kuVBwZLQJXzihw==",
      "dev": true
    },
    "node_modules/camel-case": {
      "version": "4.1.2",
      "resolved": "https://registry.npmjs.org/camel-case/-/camel-case-4.1.2.tgz",
      "integrity": "sha512-gxGWBrTT1JuMx6R+o5PTXMmUnhnVzLQ9SNutD4YqKtI6ap897t3tKECYla6gCWEkplXnlNybEkZg9GEGxKFCgw==",
      "dependencies": {
        "pascal-case": "^3.1.2",
        "tslib": "^2.0.3"
      }
    },
    "node_modules/dependency-graph": {
      "version": "0.11.0",
      "resolved": "https://registry.npmjs.org/dependency-graph/-/dependency-graph-0.11.0.tgz",
      "integrity": "sha512-JeMq7fEshyepOWDfcfHK06N3MhyPhz++vtqWhMT5O9A3K42rdsEDpfdVqjaqaAhsw6a+ZqeDvQVtD0hFHQWrzg==",
      "engines": {
        "node": ">= 0.6.0"
      }
    },
    "node_modules/fast-json-stable-stringify": {
      "version": "2.1.0",
      "resolved": "https://registry.npmjs.org/fast-json-stable-stringify/-/fast-json-stable-stringify-2.1.0.tgz",
      "integrity": "sha512-lhd/wF+Lk98HZoTCtlVraHtfh5XYijIjalXck7saUtuanSDyLMxnHhSXEDJqHxD7msR8D0uCmqlkwjCV8xvwHw==",
      "dev": true
    },
    "node_modules/graphql": {
      "version": "15.8.0",
      "resolved": "https://registry.npmjs.org/graphql/-/graphql-15.8.0.tgz",
      "integrity": "sha512-5gghUc24tP9HRznNpV2+FIoq3xKkj5dTQqf4v0CpdPbFVwFkWoxOM+o+2OC9ZSvjEMTjfmG9QT+gcvggTwW1zw==",
      "peer": true,
      "engines": {
        "node": ">= 10.x"
      }
    },
    "node_modules/graphql-scalars": {
      "version": "1.14.1",
      "resolved": "https://registry.npmjs.org/graphql-scalars/-/graphql-scalars-1.14.1.tgz",
      "integrity": "sha512-IrJ2SI9IkCmWHyr7yIvtPNGWTWF3eTS+iNnw1DQMmEtsOgs1dUmT0ge+8M1+1xm+q3/5ZqB95yUYyThDyOTE+Q==",
      "dev": true,
      "dependencies": {
        "tslib": "~2.3.0"
      },
      "engines": {
        "node": ">=10"
      },
      "peerDependencies": {
        "graphql": "^0.8.0 || ^0.9.0 || ^0.10.0 || ^0.11.0 || ^0.12.0 || ^0.13.0 || ^14.0.0 || ^15.0.0 || ^16.0.0"
      }
    },
    "node_modules/lower-case": {
      "version": "2.0.2",
      "resolved": "https://registry.npmjs.org/lower-case/-/lower-case-2.0.2.tgz",
      "integrity": "sha512-7fm3l3NAF9WfN6W3JOmf5drwpVqX78JtoGJ3A6W0a6ZnldM41w2fV5D490psKFTpMds8TJse/eHLFFsNHHjHgg==",
      "dependencies": {
        "tslib": "^2.0.3"
      }
    },
    "node_modules/module-alias": {
      "version": "2.2.2",
      "resolved": "https://registry.npmjs.org/module-alias/-/module-alias-2.2.2.tgz",
      "integrity": "sha512-A/78XjoX2EmNvppVWEhM2oGk3x4lLxnkEA4jTbaK97QKSDjkIoOsKQlfylt/d3kKKi596Qy3NP5XrXJ6fZIC9Q=="
    },
    "node_modules/no-case": {
      "version": "3.0.4",
      "resolved": "https://registry.npmjs.org/no-case/-/no-case-3.0.4.tgz",
      "integrity": "sha512-fgAN3jGAh+RoxUGZHTSOLJIqUc2wmoBwGR4tbpNAKmmovFoWq0OdRkb0VkldReO2a2iBT/OEulG9XSUc10r3zg==",
      "dependencies": {
        "lower-case": "^2.0.2",
        "tslib": "^2.0.3"
      }
    },
    "node_modules/object-inspect": {
      "version": "1.10.3",
      "resolved": "https://registry.npmjs.org/object-inspect/-/object-inspect-1.10.3.tgz",
      "integrity": "sha512-e5mCJlSH7poANfC8z8S9s9S2IN5/4Zb3aZ33f5s8YqoazCFzNLloLU8r5VCG+G7WoqLvAAZoVMcy3tp/3X0Plw==",
      "funding": {
        "url": "https://github.com/sponsors/ljharb"
      }
    },
    "node_modules/pascal-case": {
      "version": "3.1.2",
      "resolved": "https://registry.npmjs.org/pascal-case/-/pascal-case-3.1.2.tgz",
      "integrity": "sha512-uWlGT3YSnK9x3BQJaOdcZwrnV6hPpd8jFH1/ucpiLRPh/2zCVJKS19E4GvYHvaCcACn3foXZ0cLB9Wrx1KGe5g==",
      "dependencies": {
        "no-case": "^3.0.4",
        "tslib": "^2.0.3"
      }
    },
    "node_modules/ts-is-present": {
      "version": "1.2.2",
      "resolved": "https://registry.npmjs.org/ts-is-present/-/ts-is-present-1.2.2.tgz",
      "integrity": "sha512-cA5MPLWGWYXvnlJb4TamUUx858HVHBsxxdy8l7jxODOLDyGYnQOllob2A2jyDghGa5iJHs2gzFNHvwGJ0ZfR8g=="
    },
    "node_modules/tslib": {
      "version": "2.3.1",
      "resolved": "https://registry.npmjs.org/tslib/-/tslib-2.3.1.tgz",
      "integrity": "sha512-77EbyPPpMz+FRFRuAFlWMtmgUWGe9UOG2Z25NqCwiIjRhOf5iKGuzSe5P2w1laq+FkRy4p+PCuVkJSGkzTEKVw=="
    },
    "node_modules/uuid": {
      "version": "8.3.2",
      "resolved": "https://registry.npmjs.org/uuid/-/uuid-8.3.2.tgz",
      "integrity": "sha512-+NYs2QeMWy+GWFOEm9xnn6HCDp0l7QBD7ml8zLUmJ+93Q5NF0NocErnwkTkXVFNiX3/fpC6afS8Dhb/gz7R7eg==",
      "bin": {
        "uuid": "dist/bin/uuid"
      }
    },
    "node_modules/value-or-promise": {
      "version": "1.0.6",
      "resolved": "https://registry.npmjs.org/value-or-promise/-/value-or-promise-1.0.6.tgz",
      "integrity": "sha512-9r0wQsWD8z/BxPOvnwbPf05ZvFngXyouE9EKB+5GbYix+BYnAwrIChCUyFIinfbf2FL/U71z+CPpbnmTdxrwBg==",
      "engines": {
        "node": ">=12"
      }
    }
  },
  "dependencies": {
    "@ardatan/aggregate-error": {
      "version": "0.0.6",
      "resolved": "https://registry.npmjs.org/@ardatan/aggregate-error/-/aggregate-error-0.0.6.tgz",
      "integrity": "sha512-vyrkEHG1jrukmzTPtyWB4NLPauUw5bQeg4uhn8f+1SSynmrOcyvlb1GKQjjgoBzElLdfXCRYX8UnBlhklOHYRQ==",
      "requires": {
        "tslib": "~2.0.1"
      },
      "dependencies": {
        "tslib": {
          "version": "2.0.3",
          "resolved": "https://registry.npmjs.org/tslib/-/tslib-2.0.3.tgz",
          "integrity": "sha512-uZtkfKblCEQtZKBF6EBXVZeQNl82yqtDQdv+eck8u7tdPxjLu2/lp5/uPW+um2tpuxINHWy3GhiccY7QgEaVHQ=="
        }
      }
    },
    "@graphql-inspector/core": {
      "version": "2.9.0",
      "resolved": "https://registry.npmjs.org/@graphql-inspector/core/-/core-2.9.0.tgz",
      "integrity": "sha512-smaYO7B4phd3Su/JXtku5OT6dG51vpChBJXxK7ou+sghKOPx8yZNiuGqJKapaDiYviLjT8VdUu485KrCa0ZCDQ==",
      "requires": {
        "dependency-graph": "0.11.0",
        "object-inspect": "1.10.3",
        "tslib": "^2.0.0"
      }
    },
    "@graphql-tools/merge": {
      "version": "8.2.1",
      "resolved": "https://registry.npmjs.org/@graphql-tools/merge/-/merge-8.2.1.tgz",
      "integrity": "sha512-Q240kcUszhXiAYudjuJgNuLgy9CryDP3wp83NOZQezfA6h3ByYKU7xI6DiKrdjyVaGpYN3ppUmdj0uf5GaXzMA==",
      "dev": true,
      "requires": {
        "@graphql-tools/utils": "^8.5.1",
        "tslib": "~2.3.0"
      }
    },
    "@graphql-tools/mock": {
      "version": "8.5.1",
      "resolved": "https://registry.npmjs.org/@graphql-tools/mock/-/mock-8.5.1.tgz",
      "integrity": "sha512-cwwqGs9Rofev1JdMheAseqM/rw1uw4CYb35vv3Kcv2bbyiPF+490xdlHqFeIazceotMFxC60LlQztwb64rsEnw==",
      "dev": true,
      "requires": {
        "@graphql-tools/schema": "^8.3.1",
        "@graphql-tools/utils": "^8.6.0",
        "fast-json-stable-stringify": "^2.1.0",
        "tslib": "~2.3.0"
      },
      "dependencies": {
        "@graphql-tools/schema": {
          "version": "8.3.1",
          "resolved": "https://registry.npmjs.org/@graphql-tools/schema/-/schema-8.3.1.tgz",
          "integrity": "sha512-3R0AJFe715p4GwF067G5i0KCr/XIdvSfDLvTLEiTDQ8V/hwbOHEKHKWlEBHGRQwkG5lwFQlW1aOn7VnlPERnWQ==",
          "dev": true,
          "requires": {
            "@graphql-tools/merge": "^8.2.1",
            "@graphql-tools/utils": "^8.5.1",
            "tslib": "~2.3.0",
            "value-or-promise": "1.0.11"
          }
        },
        "value-or-promise": {
          "version": "1.0.11",
          "resolved": "https://registry.npmjs.org/value-or-promise/-/value-or-promise-1.0.11.tgz",
          "integrity": "sha512-41BrgH+dIbCFXClcSapVs5M6GkENd3gQOJpEfPDNa71LsUGMXDL0jMWpI/Rh7WhX+Aalfz2TTS3Zt5pUsbnhLg==",
          "dev": true
        }
      }
    },
    "@graphql-tools/schema": {
      "version": "7.1.5",
      "resolved": "https://registry.npmjs.org/@graphql-tools/schema/-/schema-7.1.5.tgz",
      "integrity": "sha512-uyn3HSNSckf4mvQSq0Q07CPaVZMNFCYEVxroApOaw802m9DcZPgf9XVPy/gda5GWj9AhbijfRYVTZQgHnJ4CXA==",
      "requires": {
        "@graphql-tools/utils": "^7.1.2",
        "tslib": "~2.2.0",
        "value-or-promise": "1.0.6"
      },
      "dependencies": {
        "@graphql-tools/utils": {
          "version": "7.10.0",
          "resolved": "https://registry.npmjs.org/@graphql-tools/utils/-/utils-7.10.0.tgz",
          "integrity": "sha512-d334r6bo9mxdSqZW6zWboEnnOOFRrAPVQJ7LkU8/6grglrbcu6WhwCLzHb90E94JI3TD3ricC3YGbUqIi9Xg0w==",
          "requires": {
            "@ardatan/aggregate-error": "0.0.6",
            "camel-case": "4.1.2",
            "tslib": "~2.2.0"
          }
        },
        "tslib": {
          "version": "2.2.0",
          "resolved": "https://registry.npmjs.org/tslib/-/tslib-2.2.0.tgz",
          "integrity": "sha512-gS9GVHRU+RGn5KQM2rllAlR3dU6m7AcpJKdtH8gFvQiC4Otgk98XnmMU+nZenHt/+VhnBPWwgrJsyrdcw6i23w=="
        }
      }
    },
    "@graphql-tools/utils": {
      "version": "8.6.1",
      "resolved": "https://registry.npmjs.org/@graphql-tools/utils/-/utils-8.6.1.tgz",
      "integrity": "sha512-uxcfHCocp4ENoIiovPxUWZEHOnbXqj3ekWc0rm7fUhW93a1xheARNHcNKhwMTR+UKXVJbTFQdGI1Rl5XdyvDBg==",
      "dev": true,
      "requires": {
        "tslib": "~2.3.0"
      }
    },
    "@types/uuid": {
      "version": "8.3.4",
      "resolved": "https://registry.npmjs.org/@types/uuid/-/uuid-8.3.4.tgz",
      "integrity": "sha512-c/I8ZRb51j+pYGAu5CrFMRxqZ2ke4y2grEBO5AUjgSkSk+qT2Ea+OdWElz/OiMf5MNpn2b17kuVBwZLQJXzihw==",
      "dev": true
    },
    "camel-case": {
      "version": "4.1.2",
      "resolved": "https://registry.npmjs.org/camel-case/-/camel-case-4.1.2.tgz",
      "integrity": "sha512-gxGWBrTT1JuMx6R+o5PTXMmUnhnVzLQ9SNutD4YqKtI6ap897t3tKECYla6gCWEkplXnlNybEkZg9GEGxKFCgw==",
      "requires": {
        "pascal-case": "^3.1.2",
        "tslib": "^2.0.3"
      }
    },
    "dependency-graph": {
      "version": "0.11.0",
      "resolved": "https://registry.npmjs.org/dependency-graph/-/dependency-graph-0.11.0.tgz",
      "integrity": "sha512-JeMq7fEshyepOWDfcfHK06N3MhyPhz++vtqWhMT5O9A3K42rdsEDpfdVqjaqaAhsw6a+ZqeDvQVtD0hFHQWrzg=="
    },
    "fast-json-stable-stringify": {
      "version": "2.1.0",
      "resolved": "https://registry.npmjs.org/fast-json-stable-stringify/-/fast-json-stable-stringify-2.1.0.tgz",
      "integrity": "sha512-lhd/wF+Lk98HZoTCtlVraHtfh5XYijIjalXck7saUtuanSDyLMxnHhSXEDJqHxD7msR8D0uCmqlkwjCV8xvwHw==",
      "dev": true
    },
    "graphql": {
      "version": "15.8.0",
      "resolved": "https://registry.npmjs.org/graphql/-/graphql-15.8.0.tgz",
      "integrity": "sha512-5gghUc24tP9HRznNpV2+FIoq3xKkj5dTQqf4v0CpdPbFVwFkWoxOM+o+2OC9ZSvjEMTjfmG9QT+gcvggTwW1zw==",
      "peer": true
    },
    "graphql-scalars": {
      "version": "1.14.1",
      "resolved": "https://registry.npmjs.org/graphql-scalars/-/graphql-scalars-1.14.1.tgz",
      "integrity": "sha512-IrJ2SI9IkCmWHyr7yIvtPNGWTWF3eTS+iNnw1DQMmEtsOgs1dUmT0ge+8M1+1xm+q3/5ZqB95yUYyThDyOTE+Q==",
      "dev": true,
      "requires": {
        "tslib": "~2.3.0"
      }
    },
    "lower-case": {
      "version": "2.0.2",
      "resolved": "https://registry.npmjs.org/lower-case/-/lower-case-2.0.2.tgz",
      "integrity": "sha512-7fm3l3NAF9WfN6W3JOmf5drwpVqX78JtoGJ3A6W0a6ZnldM41w2fV5D490psKFTpMds8TJse/eHLFFsNHHjHgg==",
      "requires": {
        "tslib": "^2.0.3"
      }
    },
    "module-alias": {
      "version": "2.2.2",
      "resolved": "https://registry.npmjs.org/module-alias/-/module-alias-2.2.2.tgz",
      "integrity": "sha512-A/78XjoX2EmNvppVWEhM2oGk3x4lLxnkEA4jTbaK97QKSDjkIoOsKQlfylt/d3kKKi596Qy3NP5XrXJ6fZIC9Q=="
    },
    "no-case": {
      "version": "3.0.4",
      "resolved": "https://registry.npmjs.org/no-case/-/no-case-3.0.4.tgz",
      "integrity": "sha512-fgAN3jGAh+RoxUGZHTSOLJIqUc2wmoBwGR4tbpNAKmmovFoWq0OdRkb0VkldReO2a2iBT/OEulG9XSUc10r3zg==",
      "requires": {
        "lower-case": "^2.0.2",
        "tslib": "^2.0.3"
      }
    },
    "object-inspect": {
      "version": "1.10.3",
      "resolved": "https://registry.npmjs.org/object-inspect/-/object-inspect-1.10.3.tgz",
      "integrity": "sha512-e5mCJlSH7poANfC8z8S9s9S2IN5/4Zb3aZ33f5s8YqoazCFzNLloLU8r5VCG+G7WoqLvAAZoVMcy3tp/3X0Plw=="
    },
    "pascal-case": {
      "version": "3.1.2",
      "resolved": "https://registry.npmjs.org/pascal-case/-/pascal-case-3.1.2.tgz",
      "integrity": "sha512-uWlGT3YSnK9x3BQJaOdcZwrnV6hPpd8jFH1/ucpiLRPh/2zCVJKS19E4GvYHvaCcACn3foXZ0cLB9Wrx1KGe5g==",
      "requires": {
        "no-case": "^3.0.4",
        "tslib": "^2.0.3"
      }
    },
    "ts-is-present": {
      "version": "1.2.2",
      "resolved": "https://registry.npmjs.org/ts-is-present/-/ts-is-present-1.2.2.tgz",
      "integrity": "sha512-cA5MPLWGWYXvnlJb4TamUUx858HVHBsxxdy8l7jxODOLDyGYnQOllob2A2jyDghGa5iJHs2gzFNHvwGJ0ZfR8g=="
    },
    "tslib": {
      "version": "2.3.1",
      "resolved": "https://registry.npmjs.org/tslib/-/tslib-2.3.1.tgz",
      "integrity": "sha512-77EbyPPpMz+FRFRuAFlWMtmgUWGe9UOG2Z25NqCwiIjRhOf5iKGuzSe5P2w1laq+FkRy4p+PCuVkJSGkzTEKVw=="
    },
    "uuid": {
      "version": "8.3.2",
      "resolved": "https://registry.npmjs.org/uuid/-/uuid-8.3.2.tgz",
      "integrity": "sha512-+NYs2QeMWy+GWFOEm9xnn6HCDp0l7QBD7ml8zLUmJ+93Q5NF0NocErnwkTkXVFNiX3/fpC6afS8Dhb/gz7R7eg=="
    },
    "value-or-promise": {
      "version": "1.0.6",
      "resolved": "https://registry.npmjs.org/value-or-promise/-/value-or-promise-1.0.6.tgz",
      "integrity": "sha512-9r0wQsWD8z/BxPOvnwbPf05ZvFngXyouE9EKB+5GbYix+BYnAwrIChCUyFIinfbf2FL/U71z+CPpbnmTdxrwBg=="
    }
  }
}
